// !$*UTF8*$!
{
	archiveVersion = 1;
	classes = {
	};
	objectVersion = 50;
	objects = {

/* Begin PBXBuildFile section */
		1AFB0F0A20C2571F004AE8FA /* AppDelegate.swift in Sources */ = {isa = PBXBuildFile; fileRef = 1AFB0F0920C2571F004AE8FA /* AppDelegate.swift */; };
		1AFB0F0C20C2571F004AE8FA /* ViewController.swift in Sources */ = {isa = PBXBuildFile; fileRef = 1AFB0F0B20C2571F004AE8FA /* ViewController.swift */; };
		1AFB0F0F20C2571F004AE8FA /* Main.storyboard in Resources */ = {isa = PBXBuildFile; fileRef = 1AFB0F0D20C2571F004AE8FA /* Main.storyboard */; };
		1AFB0F1220C2571F004AE8FA /* BarGrapDemoSwift.xcdatamodeld in Sources */ = {isa = PBXBuildFile; fileRef = 1AFB0F1020C2571F004AE8FA /* BarGrapDemoSwift.xcdatamodeld */; };
		1AFB0F1420C25725004AE8FA /* Assets.xcassets in Resources */ = {isa = PBXBuildFile; fileRef = 1AFB0F1320C25725004AE8FA /* Assets.xcassets */; };
		1AFB0F1720C25725004AE8FA /* LaunchScreen.storyboard in Resources */ = {isa = PBXBuildFile; fileRef = 1AFB0F1520C25725004AE8FA /* LaunchScreen.storyboard */; };
		1AFB0F2220C25725004AE8FA /* BarGrapDemoSwiftTests.swift in Sources */ = {isa = PBXBuildFile; fileRef = 1AFB0F2120C25725004AE8FA /* BarGrapDemoSwiftTests.swift */; };
		1AFB0F2D20C25725004AE8FA /* BarGrapDemoSwiftUITests.swift in Sources */ = {isa = PBXBuildFile; fileRef = 1AFB0F2C20C25725004AE8FA /* BarGrapDemoSwiftUITests.swift */; };
/* End PBXBuildFile section */

/* Begin PBXContainerItemProxy section */
		1AFB0F1E20C25725004AE8FA /* PBXContainerItemProxy */ = {
			isa = PBXContainerItemProxy;
			containerPortal = 1AFB0EFE20C2571E004AE8FA /* Project object */;
			proxyType = 1;
			remoteGlobalIDString = 1AFB0F0520C2571F004AE8FA;
			remoteInfo = BarGrapDemoSwift;
		};
		1AFB0F2920C25725004AE8FA /* PBXContainerItemProxy */ = {
			isa = PBXContainerItemProxy;
			containerPortal = 1AFB0EFE20C2571E004AE8FA /* Project object */;
			proxyType = 1;
			remoteGlobalIDString = 1AFB0F0520C2571F004AE8FA;
			remoteInfo = BarGrapDemoSwift;
		};
/* End PBXContainerItemProxy section */

/* Begin PBXFileReference section */
		1AFB0F0620C2571F004AE8FA /* BarGrapDemoSwift.app */ = {isa = PBXFileReference; explicitFileType = wrapper.application; includeInIndex = 0; path = BarGrapDemoSwift.app; sourceTree = BUILT_PRODUCTS_DIR; };
		1AFB0F0920C2571F004AE8FA /* AppDelegate.swift */ = {isa = PBXFileReference; lastKnownFileType = sourcecode.swift; path = AppDelegate.swift; sourceTree = "<group>"; };
		1AFB0F0B20C2571F004AE8FA /* ViewController.swift */ = {isa = PBXFileReference; lastKnownFileType = sourcecode.swift; path = ViewController.swift; sourceTree = "<group>"; };
		1AFB0F0E20C2571F004AE8FA /* Base */ = {isa = PBXFileReference; lastKnownFileType = file.storyboard; name = Base; path = Base.lproj/Main.storyboard; sourceTree = "<group>"; };
		1AFB0F1120C2571F004AE8FA /* BarGrapDemoSwift.xcdatamodel */ = {isa = PBXFileReference; lastKnownFileType = wrapper.xcdatamodel; path = BarGrapDemoSwift.xcdatamodel; sourceTree = "<group>"; };
		1AFB0F1320C25725004AE8FA /* Assets.xcassets */ = {isa = PBXFileReference; lastKnownFileType = folder.assetcatalog; path = Assets.xcassets; sourceTree = "<group>"; };
		1AFB0F1620C25725004AE8FA /* Base */ = {isa = PBXFileReference; lastKnownFileType = file.storyboard; name = Base; path = Base.lproj/LaunchScreen.storyboard; sourceTree = "<group>"; };
		1AFB0F1820C25725004AE8FA /* Info.plist */ = {isa = PBXFileReference; lastKnownFileType = text.plist.xml; path = Info.plist; sourceTree = "<group>"; };
		1AFB0F1D20C25725004AE8FA /* BarGrapDemoSwiftTests.xctest */ = {isa = PBXFileReference; explicitFileType = wrapper.cfbundle; includeInIndex = 0; path = BarGrapDemoSwiftTests.xctest; sourceTree = BUILT_PRODUCTS_DIR; };
		1AFB0F2120C25725004AE8FA /* BarGrapDemoSwiftTests.swift */ = {isa = PBXFileReference; lastKnownFileType = sourcecode.swift; path = BarGrapDemoSwiftTests.swift; sourceTree = "<group>"; };
		1AFB0F2320C25725004AE8FA /* Info.plist */ = {isa = PBXFileReference; lastKnownFileType = text.plist.xml; path = Info.plist; sourceTree = "<group>"; };
		1AFB0F2820C25725004AE8FA /* BarGrapDemoSwiftUITests.xctest */ = {isa = PBXFileReference; explicitFileType = wrapper.cfbundle; includeInIndex = 0; path = BarGrapDemoSwiftUITests.xctest; sourceTree = BUILT_PRODUCTS_DIR; };
		1AFB0F2C20C25725004AE8FA /* BarGrapDemoSwiftUITests.swift */ = {isa = PBXFileReference; lastKnownFileType = sourcecode.swift; path = BarGrapDemoSwiftUITests.swift; sourceTree = "<group>"; };
		1AFB0F2E20C25725004AE8FA /* Info.plist */ = {isa = PBXFileReference; lastKnownFileType = text.plist.xml; path = Info.plist; sourceTree = "<group>"; };
/* End PBXFileReference section */

/* Begin PBXFrameworksBuildPhase section */
		1AFB0F0320C2571F004AE8FA /* Frameworks */ = {
			isa = PBXFrameworksBuildPhase;
			buildActionMask = 2147483647;
			files = (
			);
			runOnlyForDeploymentPostprocessing = 0;
		};
		1AFB0F1A20C25725004AE8FA /* Frameworks */ = {
			isa = PBXFrameworksBuildPhase;
			buildActionMask = 2147483647;
			files = (
			);
			runOnlyForDeploymentPostprocessing = 0;
		};
		1AFB0F2520C25725004AE8FA /* Frameworks */ = {
			isa = PBXFrameworksBuildPhase;
			buildActionMask = 2147483647;
			files = (
			);
			runOnlyForDeploymentPostprocessing = 0;
		};
/* End PBXFrameworksBuildPhase section */

/* Begin PBXGroup section */
		1AFB0EFD20C2571E004AE8FA = {
			isa = PBXGroup;
			children = (
				1AFB0F0820C2571F004AE8FA /* BarGrapDemoSwift */,
				1AFB0F2020C25725004AE8FA /* BarGrapDemoSwiftTests */,
				1AFB0F2B20C25725004AE8FA /* BarGrapDemoSwiftUITests */,
				1AFB0F0720C2571F004AE8FA /* Products */,
			);
			sourceTree = "<group>";
		};
		1AFB0F0720C2571F004AE8FA /* Products */ = {
			isa = PBXGroup;
			children = (
				1AFB0F0620C2571F004AE8FA /* BarGrapDemoSwift.app */,
				1AFB0F1D20C25725004AE8FA /* BarGrapDemoSwiftTests.xctest */,
				1AFB0F2820C25725004AE8FA /* BarGrapDemoSwiftUITests.xctest */,
			);
			name = Products;
			sourceTree = "<group>";
		};
		1AFB0F0820C2571F004AE8FA /* BarGrapDemoSwift */ = {
			isa = PBXGroup;
			children = (
				1AFB0F0920C2571F004AE8FA /* AppDelegate.swift */,
				1AFB0F0B20C2571F004AE8FA /* ViewController.swift */,
				1AFB0F0D20C2571F004AE8FA /* Main.storyboard */,
				1AFB0F1320C25725004AE8FA /* Assets.xcassets */,
				1AFB0F1520C25725004AE8FA /* LaunchScreen.storyboard */,
				1AFB0F1820C25725004AE8FA /* Info.plist */,
				1AFB0F1020C2571F004AE8FA /* BarGrapDemoSwift.xcdatamodeld */,
			);
			path = BarGrapDemoSwift;
			sourceTree = "<group>";
		};
		1AFB0F2020C25725004AE8FA /* BarGrapDemoSwiftTests */ = {
			isa = PBXGroup;
			children = (
				1AFB0F2120C25725004AE8FA /* BarGrapDemoSwiftTests.swift */,
				1AFB0F2320C25725004AE8FA /* Info.plist */,
			);
			path = BarGrapDemoSwiftTests;
			sourceTree = "<group>";
		};
		1AFB0F2B20C25725004AE8FA /* BarGrapDemoSwiftUITests */ = {
			isa = PBXGroup;
			children = (
				1AFB0F2C20C25725004AE8FA /* BarGrapDemoSwiftUITests.swift */,
				1AFB0F2E20C25725004AE8FA /* Info.plist */,
			);
			path = BarGrapDemoSwiftUITests;
			sourceTree = "<group>";
		};
/* End PBXGroup section */

/* Begin PBXNativeTarget section */
		1AFB0F0520C2571F004AE8FA /* BarGrapDemoSwift */ = {
			isa = PBXNativeTarget;
			buildConfigurationList = 1AFB0F3120C25725004AE8FA /* Build configuration list for PBXNativeTarget "BarGrapDemoSwift" */;
			buildPhases = (
				1AFB0F0220C2571F004AE8FA /* Sources */,
				1AFB0F0320C2571F004AE8FA /* Frameworks */,
				1AFB0F0420C2571F004AE8FA /* Resources */,
			);
			buildRules = (
			);
			dependencies = (
			);
			name = BarGrapDemoSwift;
			productName = BarGrapDemoSwift;
			productReference = 1AFB0F0620C2571F004AE8FA /* BarGrapDemoSwift.app */;
			productType = "com.apple.product-type.application";
		};
		1AFB0F1C20C25725004AE8FA /* BarGrapDemoSwiftTests */ = {
			isa = PBXNativeTarget;
			buildConfigurationList = 1AFB0F3420C25725004AE8FA /* Build configuration list for PBXNativeTarget "BarGrapDemoSwiftTests" */;
			buildPhases = (
				1AFB0F1920C25725004AE8FA /* Sources */,
				1AFB0F1A20C25725004AE8FA /* Frameworks */,
				1AFB0F1B20C25725004AE8FA /* Resources */,
			);
			buildRules = (
			);
			dependencies = (
				1AFB0F1F20C25725004AE8FA /* PBXTargetDependency */,
			);
			name = BarGrapDemoSwiftTests;
			productName = BarGrapDemoSwiftTests;
			productReference = 1AFB0F1D20C25725004AE8FA /* BarGrapDemoSwiftTests.xctest */;
			productType = "com.apple.product-type.bundle.unit-test";
		};
		1AFB0F2720C25725004AE8FA /* BarGrapDemoSwiftUITests */ = {
			isa = PBXNativeTarget;
			buildConfigurationList = 1AFB0F3720C25725004AE8FA /* Build configuration list for PBXNativeTarget "BarGrapDemoSwiftUITests" */;
			buildPhases = (
				1AFB0F2420C25725004AE8FA /* Sources */,
				1AFB0F2520C25725004AE8FA /* Frameworks */,
				1AFB0F2620C25725004AE8FA /* Resources */,
			);
			buildRules = (
			);
			dependencies = (
				1AFB0F2A20C25725004AE8FA /* PBXTargetDependency */,
			);
			name = BarGrapDemoSwiftUITests;
			productName = BarGrapDemoSwiftUITests;
			productReference = 1AFB0F2820C25725004AE8FA /* BarGrapDemoSwiftUITests.xctest */;
			productType = "com.apple.product-type.bundle.ui-testing";
		};
/* End PBXNativeTarget section */

/* Begin PBXProject section */
		1AFB0EFE20C2571E004AE8FA /* Project object */ = {
			isa = PBXProject;
			attributes = {
				LastSwiftUpdateCheck = 0930;
				LastUpgradeCheck = 0930;
				ORGANIZATIONNAME = "Fortune4 Technologies";
				TargetAttributes = {
					1AFB0F0520C2571F004AE8FA = {
						CreatedOnToolsVersion = 9.3.1;
					};
					1AFB0F1C20C25725004AE8FA = {
						CreatedOnToolsVersion = 9.3.1;
						TestTargetID = 1AFB0F0520C2571F004AE8FA;
					};
					1AFB0F2720C25725004AE8FA = {
						CreatedOnToolsVersion = 9.3.1;
						TestTargetID = 1AFB0F0520C2571F004AE8FA;
					};
				};
			};
			buildConfigurationList = 1AFB0F0120C2571E004AE8FA /* Build configuration list for PBXProject "BarGrapDemoSwift" */;
			compatibilityVersion = "Xcode 9.3";
			developmentRegion = en;
			hasScannedForEncodings = 0;
			knownRegions = (
				en,
				Base,
			);
			mainGroup = 1AFB0EFD20C2571E004AE8FA;
			productRefGroup = 1AFB0F0720C2571F004AE8FA /* Products */;
			projectDirPath = "";
			projectRoot = "";
			targets = (
				1AFB0F0520C2571F004AE8FA /* BarGrapDemoSwift */,
				1AFB0F1C20C25725004AE8FA /* BarGrapDemoSwiftTests */,
				1AFB0F2720C25725004AE8FA /* BarGrapDemoSwiftUITests */,
			);
		};
/* End PBXProject section */

/* Begin PBXResourcesBuildPhase section */
		1AFB0F0420C2571F004AE8FA /* Resources */ = {
			isa = PBXResourcesBuildPhase;
			buildActionMask = 2147483647;
			files = (
				1AFB0F1720C25725004AE8FA /* LaunchScreen.storyboard in Resources */,
				1AFB0F1420C25725004AE8FA /* Assets.xcassets in Resources */,
				1AFB0F0F20C2571F004AE8FA /* Main.storyboard in Resources */,
			);
			runOnlyForDeploymentPostprocessing = 0;
		};
		1AFB0F1B20C25725004AE8FA /* Resources */ = {
			isa = PBXResourcesBuildPhase;
			buildActionMask = 2147483647;
			files = (
			);
			runOnlyForDeploymentPostprocessing = 0;
		};
		1AFB0F2620C25725004AE8FA /* Resources */ = {
			isa = PBXResourcesBuildPhase;
			buildActionMask = 2147483647;
			files = (
			);
			runOnlyForDeploymentPostprocessing = 0;
		};
/* End PBXResourcesBuildPhase section */

/* Begin PBXSourcesBuildPhase section */
		1AFB0F0220C2571F004AE8FA /* Sources */ = {
			isa = PBXSourcesBuildPhase;
			buildActionMask = 2147483647;
			files = (
				1AFB0F1220C2571F004AE8FA /* BarGrapDemoSwift.xcdatamodeld in Sources */,
				1AFB0F0C20C2571F004AE8FA /* ViewController.swift in Sources */,
				1AFB0F0A20C2571F004AE8FA /* AppDelegate.swift in Sources */,
			);
			runOnlyForDeploymentPostprocessing = 0;
		};
		1AFB0F1920C25725004AE8FA /* Sources */ = {
			isa = PBXSourcesBuildPhase;
			buildActionMask = 2147483647;
			files = (
				1AFB0F2220C25725004AE8FA /* BarGrapDemoSwiftTests.swift in Sources */,
			);
			runOnlyForDeploymentPostprocessing = 0;
		};
		1AFB0F2420C25725004AE8FA /* Sources */ = {
			isa = PBXSourcesBuildPhase;
			buildActionMask = 2147483647;
			files = (
				1AFB0F2D20C25725004AE8FA /* BarGrapDemoSwiftUITests.swift in Sources */,
			);
			runOnlyForDeploymentPostprocessing = 0;
		};
/* End PBXSourcesBuildPhase section */

/* Begin PBXTargetDependency section */
		1AFB0F1F20C25725004AE8FA /* PBXTargetDependency */ = {
			isa = PBXTargetDependency;
			target = 1AFB0F0520C2571F004AE8FA /* BarGrapDemoSwift */;
			targetProxy = 1AFB0F1E20C25725004AE8FA /* PBXContainerItemProxy */;
		};
		1AFB0F2A20C25725004AE8FA /* PBXTargetDependency */ = {
			isa = PBXTargetDependency;
			target = 1AFB0F0520C2571F004AE8FA /* BarGrapDemoSwift */;
			targetProxy = 1AFB0F2920C25725004AE8FA /* PBXContainerItemProxy */;
		};
/* End PBXTargetDependency section */

/* Begin PBXVariantGroup section */
		1AFB0F0D20C2571F004AE8FA /* Main.storyboard */ = {
			isa = PBXVariantGroup;
			children = (
				1AFB0F0E20C2571F004AE8FA /* Base */,
			);
			name = Main.storyboard;
			sourceTree = "<group>";
		};
		1AFB0F1520C25725004AE8FA /* LaunchScreen.storyboard */ = {
			isa = PBXVariantGroup;
			children = (
				1AFB0F1620C25725004AE8FA /* Base */,
			);
			name = LaunchScreen.storyboard;
			sourceTree = "<group>";
		};
/* End PBXVariantGroup section */

/* Begin XCBuildConfiguration section */
		1AFB0F2F20C25725004AE8FA /* Debug */ = {
			isa = XCBuildConfiguration;
			buildSettings = {
				ALWAYS_SEARCH_USER_PATHS = NO;
				CLANG_ANALYZER_NONNULL = YES;
				CLANG_ANALYZER_NUMBER_OBJECT_CONVERSION = YES_AGGRESSIVE;
				CLANG_CXX_LANGUAGE_STANDARD = "gnu++14";
				CLANG_CXX_LIBRARY = "libc++";
				CLANG_ENABLE_MODULES = YES;
				CLANG_ENABLE_OBJC_ARC = YES;
				CLANG_ENABLE_OBJC_WEAK = YES;
				CLANG_WARN_BLOCK_CAPTURE_AUTORELEASING = YES;
				CLANG_WARN_BOOL_CONVERSION = YES;
				CLANG_WARN_COMMA = YES;
				CLANG_WARN_CONSTANT_CONVERSION = YES;
				CLANG_WARN_DEPRECATED_OBJC_IMPLEMENTATIONS = YES;
				CLANG_WARN_DIRECT_OBJC_ISA_USAGE = YES_ERROR;
				CLANG_WARN_DOCUMENTATION_COMMENTS = YES;
				CLANG_WARN_EMPTY_BODY = YES;
				CLANG_WARN_ENUM_CONVERSION = YES;
				CLANG_WARN_INFINITE_RECURSION = YES;
				CLANG_WARN_INT_CONVERSION = YES;
				CLANG_WARN_NON_LITERAL_NULL_CONVERSION = YES;
				CLANG_WARN_OBJC_IMPLICIT_RETAIN_SELF = YES;
				CLANG_WARN_OBJC_LITERAL_CONVERSION = YES;
				CLANG_WARN_OBJC_ROOT_CLASS = YES_ERROR;
				CLANG_WARN_RANGE_LOOP_ANALYSIS = YES;
				CLANG_WARN_STRICT_PROTOTYPES = YES;
				CLANG_WARN_SUSPICIOUS_MOVE = YES;
				CLANG_WARN_UNGUARDED_AVAILABILITY = YES_AGGRESSIVE;
				CLANG_WARN_UNREACHABLE_CODE = YES;
				CLANG_WARN__DUPLICATE_METHOD_MATCH = YES;
				CODE_SIGN_IDENTITY = "iPhone Developer";
				COPY_PHASE_STRIP = NO;
				DEBUG_INFORMATION_FORMAT = dwarf;
				ENABLE_STRICT_OBJC_MSGSEND = YES;
				ENABLE_TESTABILITY = YES;
				GCC_C_LANGUAGE_STANDARD = gnu11;
				GCC_DYNAMIC_NO_PIC = NO;
				GCC_NO_COMMON_BLOCKS = YES;
				GCC_OPTIMIZATION_LEVEL = 0;
				GCC_PREPROCESSOR_DEFINITIONS = (
					"DEBUG=1",
					"$(inherited)",
				);
				GCC_WARN_64_TO_32_BIT_CONVERSION = YES;
				GCC_WARN_ABOUT_RETURN_TYPE = YES_ERROR;
				GCC_WARN_UNDECLARED_SELECTOR = YES;
				GCC_WARN_UNINITIALIZED_AUTOS = YES_AGGRESSIVE;
				GCC_WARN_UNUSED_FUNCTION = YES;
				GCC_WARN_UNUSED_VARIABLE = YES;
				IPHONEOS_DEPLOYMENT_TARGET = 11.3;
				MTL_ENABLE_DEBUG_INFO = YES;
				ONLY_ACTIVE_ARCH = YES;
				SDKROOT = iphoneos;
				SWIFT_ACTIVE_COMPILATION_CONDITIONS = DEBUG;
				SWIFT_OPTIMIZATION_LEVEL = "-Onone";
			};
			name = Debug;
		};
		1AFB0F3020C25725004AE8FA /* Release */ = {
			isa = XCBuildConfiguration;
			buildSettings = {
				ALWAYS_SEARCH_USER_PATHS = NO;
				CLANG_ANALYZER_NONNULL = YES;
				CLANG_ANALYZER_NUMBER_OBJECT_CONVERSION = YES_AGGRESSIVE;
				CLANG_CXX_LANGUAGE_STANDARD = "gnu++14";
				CLANG_CXX_LIBRARY = "libc++";
				CLANG_ENABLE_MODULES = YES;
				CLANG_ENABLE_OBJC_ARC = YES;
				CLANG_ENABLE_OBJC_WEAK = YES;
				CLANG_WARN_BLOCK_CAPTURE_AUTORELEASING = YES;
				CLANG_WARN_BOOL_CONVERSION = YES;
				CLANG_WARN_COMMA = YES;
				CLANG_WARN_CONSTANT_CONVERSION = YES;
				CLANG_WARN_DEPRECATED_OBJC_IMPLEMENTATIONS = YES;
				CLANG_WARN_DIRECT_OBJC_ISA_USAGE = YES_ERROR;
				CLANG_WARN_DOCUMENTATION_COMMENTS = YES;
				CLANG_WARN_EMPTY_BODY = YES;
				CLANG_WARN_ENUM_CONVERSION = YES;
				CLANG_WARN_INFINITE_RECURSION = YES;
				CLANG_WARN_INT_CONVERSION = YES;
				CLANG_WARN_NON_LITERAL_NULL_CONVERSION = YES;
				CLANG_WARN_OBJC_IMPLICIT_RETAIN_SELF = YES;
				CLANG_WARN_OBJC_LITERAL_CONVERSION = YES;
				CLANG_WARN_OBJC_ROOT_CLASS = YES_ERROR;
				CLANG_WARN_RANGE_LOOP_ANALYSIS = YES;
				CLANG_WARN_STRICT_PROTOTYPES = YES;
				CLANG_WARN_SUSPICIOUS_MOVE = YES;
				CLANG_WARN_UNGUARDED_AVAILABILITY = YES_AGGRESSIVE;
				CLANG_WARN_UNREACHABLE_CODE = YES;
				CLANG_WARN__DUPLICATE_METHOD_MATCH = YES;
				CODE_SIGN_IDENTITY = "iPhone Developer";
				COPY_PHASE_STRIP = NO;
				DEBUG_INFORMATION_FORMAT = "dwarf-with-dsym";
				ENABLE_NS_ASSERTIONS = NO;
				ENABLE_STRICT_OBJC_MSGSEND = YES;
				GCC_C_LANGUAGE_STANDARD = gnu11;
				GCC_NO_COMMON_BLOCKS = YES;
				GCC_WARN_64_TO_32_BIT_CONVERSION = YES;
				GCC_WARN_ABOUT_RETURN_TYPE = YES_ERROR;
				GCC_WARN_UNDECLARED_SELECTOR = YES;
				GCC_WARN_UNINITIALIZED_AUTOS = YES_AGGRESSIVE;
				GCC_WARN_UNUSED_FUNCTION = YES;
				GCC_WARN_UNUSED_VARIABLE = YES;
				IPHONEOS_DEPLOYMENT_TARGET = 11.3;
				MTL_ENABLE_DEBUG_INFO = NO;
				SDKROOT = iphoneos;
				SWIFT_COMPILATION_MODE = wholemodule;
				SWIFT_OPTIMIZATION_LEVEL = "-O";
				VALIDATE_PRODUCT = YES;
			};
			name = Release;
		};
		1AFB0F3220C25725004AE8FA /* Debug */ = {
			isa = XCBuildConfiguration;
			buildSettings = {
				ASSETCATALOG_COMPILER_APPICON_NAME = AppIcon;
				CODE_SIGN_STYLE = Automatic;
				DEVELOPMENT_TEAM = UMUY72KH99;
				INFOPLIST_FILE = BarGrapDemoSwift/Info.plist;
				LD_RUNPATH_SEARCH_PATHS = (
					"$(inherited)",
					"@executable_path/Frameworks",
				);
				PRODUCT_BUNDLE_IDENTIFIER = com.fortune4.BarGrapDemoSwift;
				PRODUCT_NAME = "$(TARGET_NAME)";
				SWIFT_VERSION = 4.0;
				TARGETED_DEVICE_FAMILY = "1,2";
			};
			name = Debug;
		};
		1AFB0F3320C25725004AE8FA /* Release */ = {
			isa = XCBuildConfiguration;
			buildSettings = {
				ASSETCATALOG_COMPILER_APPICON_NAME = AppIcon;
				CODE_SIGN_STYLE = Automatic;
				DEVELOPMENT_TEAM = UMUY72KH99;
				INFOPLIST_FILE = BarGrapDemoSwift/Info.plist;
				LD_RUNPATH_SEARCH_PATHS = (
					"$(inherited)",
					"@executable_path/Frameworks",
				);
				PRODUCT_BUNDLE_IDENTIFIER = com.fortune4.BarGrapDemoSwift;
				PRODUCT_NAME = "$(TARGET_NAME)";
				SWIFT_VERSION = 4.0;
				TARGETED_DEVICE_FAMILY = "1,2";
			};
			name = Release;
		};
		1AFB0F3520C25725004AE8FA /* Debug */ = {
			isa = XCBuildConfiguration;
			buildSettings = {
				ALWAYS_EMBED_SWIFT_STANDARD_LIBRARIES = YES;
				BUNDLE_LOADER = "$(TEST_HOST)";
				CODE_SIGN_STYLE = Automatic;
				DEVELOPMENT_TEAM = UMUY72KH99;
				INFOPLIST_FILE = BarGrapDemoSwiftTests/Info.plist;
				LD_RUNPATH_SEARCH_PATHS = (
					"$(inherited)",
					"@executable_path/Frameworks",
					"@loader_path/Frameworks",
				);
				PRODUCT_BUNDLE_IDENTIFIER = com.fortune4.BarGrapDemoSwiftTests;
				PRODUCT_NAME = "$(TARGET_NAME)";
				SWIFT_VERSION = 4.0;
				TARGETED_DEVICE_FAMILY = "1,2";
				TEST_HOST = "$(BUILT_PRODUCTS_DIR)/BarGrapDemoSwift.app/BarGrapDemoSwift";
			};
			name = Debug;
		};
		1AFB0F3620C25725004AE8FA /* Release */ = {
			isa = XCBuildConfiguration;
			buildSettings = {
				ALWAYS_EMBED_SWIFT_STANDARD_LIBRARIES = YES;
				BUNDLE_LOADER = "$(TEST_HOST)";
				CODE_SIGN_STYLE = Automatic;
				DEVELOPMENT_TEAM = UMUY72KH99;
				INFOPLIST_FILE = BarGrapDemoSwiftTests/Info.plist;
				LD_RUNPATH_SEARCH_PATHS = (
					"$(inherited)",
					"@executable_path/Frameworks",
					"@loader_path/Frameworks",
				);
				PRODUCT_BUNDLE_IDENTIFIER = com.fortune4.BarGrapDemoSwiftTests;
				PRODUCT_NAME = "$(TARGET_NAME)";
				SWIFT_VERSION = 4.0;
				TARGETED_DEVICE_FAMILY = "1,2";
				TEST_HOST = "$(BUILT_PRODUCTS_DIR)/BarGrapDemoSwift.app/BarGrapDemoSwift";
			};
			name = Release;
		};
		1AFB0F3820C25725004AE8FA /* Debug */ = {
			isa = XCBuildConfiguration;
			buildSettings = {
				ALWAYS_EMBED_SWIFT_STANDARD_LIBRARIES = YES;
				CODE_SIGN_STYLE = Automatic;
				DEVELOPMENT_TEAM = UMUY72KH99;
				INFOPLIST_FILE = BarGrapDemoSwiftUITests/Info.plist;
				LD_RUNPATH_SEARCH_PATHS = (
					"$(inherited)",
					"@executable_path/Frameworks",
					"@loader_path/Frameworks",
				);
				PRODUCT_BUNDLE_IDENTIFIER = com.fortune4.BarGrapDemoSwiftUITests;
				PRODUCT_NAME = "$(TARGET_NAME)";
				SWIFT_VERSION = 4.0;
				TARGETED_DEVICE_FAMILY = "1,2";
				TEST_TARGET_NAME = BarGrapDemoSwift;
			};
			name = Debug;
		};
		1AFB0F3920C25725004AE8FA /* Release */ = {
			isa = XCBuildConfiguration;
			buildSettings = {
				ALWAYS_EMBED_SWIFT_STANDARD_LIBRARIES = YES;
				CODE_SIGN_STYLE = Automatic;
				DEVELOPMENT_TEAM = UMUY72KH99;
				INFOPLIST_FILE = BarGrapDemoSwiftUITests/Info.plist;
				LD_RUNPATH_SEARCH_PATHS = (
					"$(inherited)",
					"@executable_path/Frameworks",
					"@loader_path/Frameworks",
				);
				PRODUCT_BUNDLE_IDENTIFIER = com.fortune4.BarGrapDemoSwiftUITests;
				PRODUCT_NAME = "$(TARGET_NAME)";
				SWIFT_VERSION = 4.0;
				TARGETED_DEVICE_FAMILY = "1,2";
				TEST_TARGET_NAME = BarGrapDemoSwift;
			};
			name = Release;
		};
/* End XCBuildConfiguration section */

/* Begin XCConfigurationList section */
		1AFB0F0120C2571E004AE8FA /* Build configuration list for PBXProject "BarGrapDemoSwift" */ = {
			isa = XCConfigurationList;
			buildConfigurations = (
				1AFB0F2F20C25725004AE8FA /* Debug */,
				1AFB0F3020C25725004AE8FA /* Release */,
			);
			defaultConfigurationIsVisible = 0;
			defaultConfigurationName = Release;
		};
		1AFB0F3120C25725004AE8FA /* Build configuration list for PBXNativeTarget "BarGrapDemoSwift" */ = {
			isa = XCConfigurationList;
			buildConfigurations = (
				1AFB0F3220C25725004AE8FA /* Debug */,
				1AFB0F3320C25725004AE8FA /* Release */,
			);
			defaultConfigurationIsVisible = 0;
			defaultConfigurationName = Release;
		};
		1AFB0F3420C25725004AE8FA /* Build configuration list for PBXNativeTarget "BarGrapDemoSwiftTests" */ = {
			isa = XCConfigurationList;
			buildConfigurations = (
				1AFB0F3520C25725004AE8FA /* Debug */,
				1AFB0F3620C25725004AE8FA /* Release */,
			);
			defaultConfigurationIsVisible = 0;
			defaultConfigurationName = Release;
		};
		1AFB0F3720C25725004AE8FA /* Build configuration list for PBXNativeTarget "BarGrapDemoSwiftUITests" */ = {
			isa = XCConfigurationList;
			buildConfigurations = (
				1AFB0F3820C25725004AE8FA /* Debug */,
				1AFB0F3920C25725004AE8FA /* Release */,
			);
			defaultConfigurationIsVisible = 0;
			defaultConfigurationName = Release;
		};
/* End XCConfigurationList section */

/* Begin XCVersionGroup section */
		1AFB0F1020C2571F004AE8FA /* BarGrapDemoSwift.xcdatamodeld */ = {
			isa = XCVersionGroup;
			children = (
				1AFB0F1120C2571F004AE8FA /* BarGrapDemoSwift.xcdatamodel */,
			);
			currentVersion = 1AFB0F1120C2571F004AE8FA /* BarGrapDemoSwift.xcdatamodel */;
			path = BarGrapDemoSwift.xcdatamodeld;
			sourceTree = "<group>";
			versionGroupType = wrapper.xcdatamodel;
		};
/* End XCVersionGroup section */
	};
	rootObject = 1AFB0EFE20C2571E004AE8FA /* Project object */;
}
